// !$*UTF8*$!
{
	archiveVersion = 1;
	classes = {
	};
	objectVersion = 51;
	objects = {

/* Begin PBXBuildFile section */
		50E5605C0705D1391D3BAC11 /* Pods_JiaJia.framework in Frameworks */ = {isa = PBXBuildFile; fileRef = CC57CC46F46C25635F14F414 /* Pods_JiaJia.framework */; };
		AE1B5546257012CB00D704A6 /* AppDelegate.m in Sources */ = {isa = PBXBuildFile; fileRef = AE1B5545257012CB00D704A6 /* AppDelegate.m */; };
		AE1B5549257012CB00D704A6 /* SceneDelegate.m in Sources */ = {isa = PBXBuildFile; fileRef = AE1B5548257012CB00D704A6 /* SceneDelegate.m */; };
		AE1B554C257012CB00D704A6 /* ViewController.m in Sources */ = {isa = PBXBuildFile; fileRef = AE1B554B257012CB00D704A6 /* ViewController.m */; };
		AE1B554F257012CB00D704A6 /* Main.storyboard in Resources */ = {isa = PBXBuildFile; fileRef = AE1B554D257012CB00D704A6 /* Main.storyboard */; };
		AE1B5551257012CD00D704A6 /* Assets.xcassets in Resources */ = {isa = PBXBuildFile; fileRef = AE1B5550257012CD00D704A6 /* Assets.xcassets */; };
		AE1B5554257012CD00D704A6 /* LaunchScreen.storyboard in Resources */ = {isa = PBXBuildFile; fileRef = AE1B5552257012CD00D704A6 /* LaunchScreen.storyboard */; };
		AE1B5557257012CD00D704A6 /* main.m in Sources */ = {isa = PBXBuildFile; fileRef = AE1B5556257012CD00D704A6 /* main.m */; };
		AE1B5561257012CE00D704A6 /* JiaJiaUITests.m in Sources */ = {isa = PBXBuildFile; fileRef = AE1B5560257012CE00D704A6 /* JiaJiaUITests.m */; };
		AE5E82E225713B84008CDEFF /* NSObject+ZModel.m in Sources */ = {isa = PBXBuildFile; fileRef = AE5E82E125713B84008CDEFF /* NSObject+ZModel.m */; };
		AE5E82E925713C39008CDEFF /* YYClassInfo.m in Sources */ = {isa = PBXBuildFile; fileRef = AE5E82E825713C39008CDEFF /* YYClassInfo.m */; };
		AE5E83022571564D008CDEFF /* WBStatus.m in Sources */ = {isa = PBXBuildFile; fileRef = AE5E83012571564D008CDEFF /* WBStatus.m */; };
		AE5E830725715707008CDEFF /* WBTimelineItem.m in Sources */ = {isa = PBXBuildFile; fileRef = AE5E830625715707008CDEFF /* WBTimelineItem.m */; };
		AE5F3EFC2574EC28006DA2E7 /* PhotoLibraryHelper.m in Sources */ = {isa = PBXBuildFile; fileRef = AE5F3EFB2574EC28006DA2E7 /* PhotoLibraryHelper.m */; };
		AE5F3F0E25753D96006DA2E7 /* ZHImageManager.m in Sources */ = {isa = PBXBuildFile; fileRef = AE5F3F0D25753D96006DA2E7 /* ZHImageManager.m */; };
		AE61030725739D2E00E7FD51 /* ImageTableViewCell.m in Sources */ = {isa = PBXBuildFile; fileRef = AE61030625739D2E00E7FD51 /* ImageTableViewCell.m */; };
		AE6104402573B76A00BBDCA7 /* WBStatusLayout.m in Sources */ = {isa = PBXBuildFile; fileRef = AE61043D2573B76A00BBDCA7 /* WBStatusLayout.m */; };
		AE6104412573B76A00BBDCA7 /* WBStatusCell.m in Sources */ = {isa = PBXBuildFile; fileRef = AE61043F2573B76A00BBDCA7 /* WBStatusCell.m */; };
		AE6105442573B96D00BBDCA7 /* WBStatusHelper.m in Sources */ = {isa = PBXBuildFile; fileRef = AE6105432573B96D00BBDCA7 /* WBStatusHelper.m */; };
		AE61054B2573D4C800BBDCA7 /* YYPhotoGroupView.m in Sources */ = {isa = PBXBuildFile; fileRef = AE6105492573D4C800BBDCA7 /* YYPhotoGroupView.m */; };
		AE65073225735A3F0073DBCD /* WBNetworkStore.m in Sources */ = {isa = PBXBuildFile; fileRef = AE65073125735A3F0073DBCD /* WBNetworkStore.m */; };
		AE7CC0AE2576A00800B8613B /* UserViewController.m in Sources */ = {isa = PBXBuildFile; fileRef = AE7CC0AD2576A00800B8613B /* UserViewController.m */; };
		AE8529F12578A6E100C253E9 /* YYTableViewCell.m in Sources */ = {isa = PBXBuildFile; fileRef = AE8529EC2578A6E100C253E9 /* YYTableViewCell.m */; };
		AE8529F22578A6E100C253E9 /* YYControl.m in Sources */ = {isa = PBXBuildFile; fileRef = AE8529EF2578A6E100C253E9 /* YYControl.m */; };
		AE8529F32578A6E100C253E9 /* YYTableView.m in Sources */ = {isa = PBXBuildFile; fileRef = AE8529F02578A6E100C253E9 /* YYTableView.m */; };
		AE852AF32578A7A000C253E9 /* T1StatusLayout.m in Sources */ = {isa = PBXBuildFile; fileRef = AE852AE92578A79F00C253E9 /* T1StatusLayout.m */; };
		AE852AF42578A7A000C253E9 /* T1StatusCell.m in Sources */ = {isa = PBXBuildFile; fileRef = AE852AED2578A7A000C253E9 /* T1StatusCell.m */; };
		AE852AF52578A7A000C253E9 /* T1Model.m in Sources */ = {isa = PBXBuildFile; fileRef = AE852AEE2578A7A000C253E9 /* T1Model.m */; };
		AE852AF62578A7A000C253E9 /* T1HomeTimelineItemsViewController.m in Sources */ = {isa = PBXBuildFile; fileRef = AE852AEF2578A7A000C253E9 /* T1HomeTimelineItemsViewController.m */; };
		AE852AF72578A7A000C253E9 /* T1Helper.m in Sources */ = {isa = PBXBuildFile; fileRef = AE852AF22578A7A000C253E9 /* T1Helper.m */; };
		AE852B002578A7F600C253E9 /* YYFPSLabel.m in Sources */ = {isa = PBXBuildFile; fileRef = AE852AFF2578A7F600C253E9 /* YYFPSLabel.m */; };
		AE852B052578A81600C253E9 /* YYSimpleWebViewController.m in Sources */ = {isa = PBXBuildFile; fileRef = AE852B042578A81600C253E9 /* YYSimpleWebViewController.m */; };
		AE90F0342570DB42002327E8 /* Weibo.m in Sources */ = {isa = PBXBuildFile; fileRef = AE90F0332570DB42002327E8 /* Weibo.m */; };
		AE90F03B2570DBD7002327E8 /* User.m in Sources */ = {isa = PBXBuildFile; fileRef = AE90F03A2570DBD7002327E8 /* User.m */; };
		AE966A0C257794BC00BF6E8A /* ZHWebViewController.m in Sources */ = {isa = PBXBuildFile; fileRef = AE966A0B257794BC00BF6E8A /* ZHWebViewController.m */; };
		AE966A10257796C900BF6E8A /* b.html in Resources */ = {isa = PBXBuildFile; fileRef = AE966A0F257796C900BF6E8A /* b.html */; };
/* End PBXBuildFile section */

/* Begin PBXContainerItemProxy section */
		AE1B555D257012CD00D704A6 /* PBXContainerItemProxy */ = {
			isa = PBXContainerItemProxy;
			containerPortal = AE1B5539257012CB00D704A6 /* Project object */;
			proxyType = 1;
			remoteGlobalIDString = AE1B5540257012CB00D704A6;
			remoteInfo = JiaJia;
		};
/* End PBXContainerItemProxy section */

/* Begin PBXFileReference section */
		AE1B5541257012CB00D704A6 /* JiaJia.app */ = {isa = PBXFileReference; explicitFileType = wrapper.application; includeInIndex = 0; path = JiaJia.app; sourceTree = BUILT_PRODUCTS_DIR; };
		AE1B5544257012CB00D704A6 /* AppDelegate.h */ = {isa = PBXFileReference; lastKnownFileType = sourcecode.c.h; path = AppDelegate.h; sourceTree = "<group>"; };
		AE1B5545257012CB00D704A6 /* AppDelegate.m */ = {isa = PBXFileReference; lastKnownFileType = sourcecode.c.objc; path = AppDelegate.m; sourceTree = "<group>"; };
		AE1B5547257012CB00D704A6 /* SceneDelegate.h */ = {isa = PBXFileReference; lastKnownFileType = sourcecode.c.h; path = SceneDelegate.h; sourceTree = "<group>"; };
		AE1B5548257012CB00D704A6 /* SceneDelegate.m */ = {isa = PBXFileReference; lastKnownFileType = sourcecode.c.objc; path = SceneDelegate.m; sourceTree = "<group>"; };
		AE1B554A257012CB00D704A6 /* ViewController.h */ = {isa = PBXFileReference; lastKnownFileType = sourcecode.c.h; path = ViewController.h; sourceTree = "<group>"; };
		AE1B554B257012CB00D704A6 /* ViewController.m */ = {isa = PBXFileReference; lastKnownFileType = sourcecode.c.objc; path = ViewController.m; sourceTree = "<group>"; };
		AE1B554E257012CB00D704A6 /* Base */ = {isa = PBXFileReference; lastKnownFileType = file.storyboard; name = Base; path = Base.lproj/Main.storyboard; sourceTree = "<group>"; };
		AE1B5550257012CD00D704A6 /* Assets.xcassets */ = {isa = PBXFileReference; lastKnownFileType = folder.assetcatalog; path = Assets.xcassets; sourceTree = "<group>"; };
		AE1B5553257012CD00D704A6 /* Base */ = {isa = PBXFileReference; lastKnownFileType = file.storyboard; name = Base; path = Base.lproj/LaunchScreen.storyboard; sourceTree = "<group>"; };
		AE1B5555257012CD00D704A6 /* Info.plist */ = {isa = PBXFileReference; lastKnownFileType = text.plist.xml; path = Info.plist; sourceTree = "<group>"; };
		AE1B5556257012CD00D704A6 /* main.m */ = {isa = PBXFileReference; lastKnownFileType = sourcecode.c.objc; path = main.m; sourceTree = "<group>"; };
		AE1B555C257012CD00D704A6 /* JiaJiaUITests.xctest */ = {isa = PBXFileReference; explicitFileType = wrapper.cfbundle; includeInIndex = 0; path = JiaJiaUITests.xctest; sourceTree = BUILT_PRODUCTS_DIR; };
		AE1B5560257012CE00D704A6 /* JiaJiaUITests.m */ = {isa = PBXFileReference; lastKnownFileType = sourcecode.c.objc; path = JiaJiaUITests.m; sourceTree = "<group>"; };
		AE1B5562257012CE00D704A6 /* Info.plist */ = {isa = PBXFileReference; lastKnownFileType = text.plist.xml; path = Info.plist; sourceTree = "<group>"; };
		AE43DA63257014CC00516F7E /* JiaJia.entitlements */ = {isa = PBXFileReference; lastKnownFileType = text.plist.entitlements; path = JiaJia.entitlements; sourceTree = "<group>"; };
		AE5E82E025713B84008CDEFF /* NSObject+ZModel.h */ = {isa = PBXFileReference; lastKnownFileType = sourcecode.c.h; path = "NSObject+ZModel.h"; sourceTree = "<group>"; };
		AE5E82E125713B84008CDEFF /* NSObject+ZModel.m */ = {isa = PBXFileReference; lastKnownFileType = sourcecode.c.objc; path = "NSObject+ZModel.m"; sourceTree = "<group>"; };
		AE5E82E725713C39008CDEFF /* YYClassInfo.h */ = {isa = PBXFileReference; lastKnownFileType = sourcecode.c.h; path = YYClassInfo.h; sourceTree = "<group>"; };
		AE5E82E825713C39008CDEFF /* YYClassInfo.m */ = {isa = PBXFileReference; lastKnownFileType = sourcecode.c.objc; path = YYClassInfo.m; sourceTree = "<group>"; };
		AE5E83002571564D008CDEFF /* WBStatus.h */ = {isa = PBXFileReference; lastKnownFileType = sourcecode.c.h; path = WBStatus.h; sourceTree = "<group>"; };
		AE5E83012571564D008CDEFF /* WBStatus.m */ = {isa = PBXFileReference; lastKnownFileType = sourcecode.c.objc; path = WBStatus.m; sourceTree = "<group>"; };
		AE5E830525715707008CDEFF /* WBTimelineItem.h */ = {isa = PBXFileReference; lastKnownFileType = sourcecode.c.h; path = WBTimelineItem.h; sourceTree = "<group>"; };
		AE5E830625715707008CDEFF /* WBTimelineItem.m */ = {isa = PBXFileReference; lastKnownFileType = sourcecode.c.objc; path = WBTimelineItem.m; sourceTree = "<group>"; };
		AE5F3EFA2574EC28006DA2E7 /* PhotoLibraryHelper.h */ = {isa = PBXFileReference; lastKnownFileType = sourcecode.c.h; path = PhotoLibraryHelper.h; sourceTree = "<group>"; };
		AE5F3EFB2574EC28006DA2E7 /* PhotoLibraryHelper.m */ = {isa = PBXFileReference; lastKnownFileType = sourcecode.c.objc; path = PhotoLibraryHelper.m; sourceTree = "<group>"; };
		AE5F3F0C25753D96006DA2E7 /* ZHImageManager.h */ = {isa = PBXFileReference; lastKnownFileType = sourcecode.c.h; path = ZHImageManager.h; sourceTree = "<group>"; };
		AE5F3F0D25753D96006DA2E7 /* ZHImageManager.m */ = {isa = PBXFileReference; lastKnownFileType = sourcecode.c.objc; path = ZHImageManager.m; sourceTree = "<group>"; };
		AE61030525739D2E00E7FD51 /* ImageTableViewCell.h */ = {isa = PBXFileReference; fileEncoding = 4; lastKnownFileType = sourcecode.c.h; path = ImageTableViewCell.h; sourceTree = "<group>"; };
		AE61030625739D2E00E7FD51 /* ImageTableViewCell.m */ = {isa = PBXFileReference; fileEncoding = 4; lastKnownFileType = sourcecode.c.objc; path = ImageTableViewCell.m; sourceTree = "<group>"; };
		AE61043C2573B76A00BBDCA7 /* WBStatusCell.h */ = {isa = PBXFileReference; fileEncoding = 4; lastKnownFileType = sourcecode.c.h; path = WBStatusCell.h; sourceTree = "<group>"; };
		AE61043D2573B76A00BBDCA7 /* WBStatusLayout.m */ = {isa = PBXFileReference; fileEncoding = 4; lastKnownFileType = sourcecode.c.objc; path = WBStatusLayout.m; sourceTree = "<group>"; };
		AE61043E2573B76A00BBDCA7 /* WBStatusLayout.h */ = {isa = PBXFileReference; fileEncoding = 4; lastKnownFileType = sourcecode.c.h; path = WBStatusLayout.h; sourceTree = "<group>"; };
		AE61043F2573B76A00BBDCA7 /* WBStatusCell.m */ = {isa = PBXFileReference; fileEncoding = 4; lastKnownFileType = sourcecode.c.objc; path = WBStatusCell.m; sourceTree = "<group>"; };
		AE6105422573B96D00BBDCA7 /* WBStatusHelper.h */ = {isa = PBXFileReference; fileEncoding = 4; lastKnownFileType = sourcecode.c.h; path = WBStatusHelper.h; sourceTree = "<group>"; };
		AE6105432573B96D00BBDCA7 /* WBStatusHelper.m */ = {isa = PBXFileReference; fileEncoding = 4; lastKnownFileType = sourcecode.c.objc; path = WBStatusHelper.m; sourceTree = "<group>"; };
		AE6105492573D4C800BBDCA7 /* YYPhotoGroupView.m */ = {isa = PBXFileReference; fileEncoding = 4; lastKnownFileType = sourcecode.c.objc; path = YYPhotoGroupView.m; sourceTree = "<group>"; };
		AE61054A2573D4C800BBDCA7 /* YYPhotoGroupView.h */ = {isa = PBXFileReference; fileEncoding = 4; lastKnownFileType = sourcecode.c.h; path = YYPhotoGroupView.h; sourceTree = "<group>"; };
		AE65073025735A3F0073DBCD /* WBNetworkStore.h */ = {isa = PBXFileReference; lastKnownFileType = sourcecode.c.h; path = WBNetworkStore.h; sourceTree = "<group>"; };
		AE65073125735A3F0073DBCD /* WBNetworkStore.m */ = {isa = PBXFileReference; lastKnownFileType = sourcecode.c.objc; path = WBNetworkStore.m; sourceTree = "<group>"; };
		AE7CC0AC2576A00800B8613B /* UserViewController.h */ = {isa = PBXFileReference; fileEncoding = 4; lastKnownFileType = sourcecode.c.h; path = UserViewController.h; sourceTree = "<group>"; };
		AE7CC0AD2576A00800B8613B /* UserViewController.m */ = {isa = PBXFileReference; fileEncoding = 4; lastKnownFileType = sourcecode.c.objc; path = UserViewController.m; sourceTree = "<group>"; };
		AE8529EB2578A6E100C253E9 /* YYControl.h */ = {isa = PBXFileReference; fileEncoding = 4; lastKnownFileType = sourcecode.c.h; path = YYControl.h; sourceTree = "<group>"; };
		AE8529EC2578A6E100C253E9 /* YYTableViewCell.m */ = {isa = PBXFileReference; fileEncoding = 4; lastKnownFileType = sourcecode.c.objc; path = YYTableViewCell.m; sourceTree = "<group>"; };
		AE8529ED2578A6E100C253E9 /* YYTableView.h */ = {isa = PBXFileReference; fileEncoding = 4; lastKnownFileType = sourcecode.c.h; path = YYTableView.h; sourceTree = "<group>"; };
		AE8529EE2578A6E100C253E9 /* YYTableViewCell.h */ = {isa = PBXFileReference; fileEncoding = 4; lastKnownFileType = sourcecode.c.h; path = YYTableViewCell.h; sourceTree = "<group>"; };
		AE8529EF2578A6E100C253E9 /* YYControl.m */ = {isa = PBXFileReference; fileEncoding = 4; lastKnownFileType = sourcecode.c.objc; path = YYControl.m; sourceTree = "<group>"; };
		AE8529F02578A6E100C253E9 /* YYTableView.m */ = {isa = PBXFileReference; fileEncoding = 4; lastKnownFileType = sourcecode.c.objc; path = YYTableView.m; sourceTree = "<group>"; };
		AE852AE92578A79F00C253E9 /* T1StatusLayout.m */ = {isa = PBXFileReference; fileEncoding = 4; lastKnownFileType = sourcecode.c.objc; path = T1StatusLayout.m; sourceTree = "<group>"; };
		AE852AEA2578A79F00C253E9 /* T1StatusCell.h */ = {isa = PBXFileReference; fileEncoding = 4; lastKnownFileType = sourcecode.c.h; path = T1StatusCell.h; sourceTree = "<group>"; };
		AE852AEB2578A79F00C253E9 /* T1HomeTimelineItemsViewController.h */ = {isa = PBXFileReference; fileEncoding = 4; lastKnownFileType = sourcecode.c.h; path = T1HomeTimelineItemsViewController.h; sourceTree = "<group>"; };
		AE852AEC2578A79F00C253E9 /* T1StatusLayout.h */ = {isa = PBXFileReference; fileEncoding = 4; lastKnownFileType = sourcecode.c.h; path = T1StatusLayout.h; sourceTree = "<group>"; };
		AE852AED2578A7A000C253E9 /* T1StatusCell.m */ = {isa = PBXFileReference; fileEncoding = 4; lastKnownFileType = sourcecode.c.objc; path = T1StatusCell.m; sourceTree = "<group>"; };
		AE852AEE2578A7A000C253E9 /* T1Model.m */ = {isa = PBXFileReference; fileEncoding = 4; lastKnownFileType = sourcecode.c.objc; path = T1Model.m; sourceTree = "<group>"; };
		AE852AEF2578A7A000C253E9 /* T1HomeTimelineItemsViewController.m */ = {isa = PBXFileReference; fileEncoding = 4; lastKnownFileType = sourcecode.c.objc; path = T1HomeTimelineItemsViewController.m; sourceTree = "<group>"; };
		AE852AF02578A7A000C253E9 /* T1Model.h */ = {isa = PBXFileReference; fileEncoding = 4; lastKnownFileType = sourcecode.c.h; path = T1Model.h; sourceTree = "<group>"; };
		AE852AF12578A7A000C253E9 /* T1Helper.h */ = {isa = PBXFileReference; fileEncoding = 4; lastKnownFileType = sourcecode.c.h; path = T1Helper.h; sourceTree = "<group>"; };
		AE852AF22578A7A000C253E9 /* T1Helper.m */ = {isa = PBXFileReference; fileEncoding = 4; lastKnownFileType = sourcecode.c.objc; path = T1Helper.m; sourceTree = "<group>"; };
		AE852AFE2578A7F600C253E9 /* YYFPSLabel.h */ = {isa = PBXFileReference; fileEncoding = 4; lastKnownFileType = sourcecode.c.h; path = YYFPSLabel.h; sourceTree = "<group>"; };
		AE852AFF2578A7F600C253E9 /* YYFPSLabel.m */ = {isa = PBXFileReference; fileEncoding = 4; lastKnownFileType = sourcecode.c.objc; path = YYFPSLabel.m; sourceTree = "<group>"; };
		AE852B032578A81600C253E9 /* YYSimpleWebViewController.h */ = {isa = PBXFileReference; fileEncoding = 4; lastKnownFileType = sourcecode.c.h; path = YYSimpleWebViewController.h; sourceTree = "<group>"; };
		AE852B042578A81600C253E9 /* YYSimpleWebViewController.m */ = {isa = PBXFileReference; fileEncoding = 4; lastKnownFileType = sourcecode.c.objc; path = YYSimpleWebViewController.m; sourceTree = "<group>"; };
		AE90F0322570DB42002327E8 /* Weibo.h */ = {isa = PBXFileReference; lastKnownFileType = sourcecode.c.h; path = Weibo.h; sourceTree = "<group>"; };
		AE90F0332570DB42002327E8 /* Weibo.m */ = {isa = PBXFileReference; lastKnownFileType = sourcecode.c.objc; path = Weibo.m; sourceTree = "<group>"; };
		AE90F0392570DBD7002327E8 /* User.h */ = {isa = PBXFileReference; lastKnownFileType = sourcecode.c.h; path = User.h; sourceTree = "<group>"; };
		AE90F03A2570DBD7002327E8 /* User.m */ = {isa = PBXFileReference; lastKnownFileType = sourcecode.c.objc; path = User.m; sourceTree = "<group>"; };
		AE966A0A257794BC00BF6E8A /* ZHWebViewController.h */ = {isa = PBXFileReference; lastKnownFileType = sourcecode.c.h; path = ZHWebViewController.h; sourceTree = "<group>"; };
		AE966A0B257794BC00BF6E8A /* ZHWebViewController.m */ = {isa = PBXFileReference; lastKnownFileType = sourcecode.c.objc; path = ZHWebViewController.m; sourceTree = "<group>"; };
		AE966A0F257796C900BF6E8A /* b.html */ = {isa = PBXFileReference; fileEncoding = 4; lastKnownFileType = text.html; path = b.html; sourceTree = "<group>"; };
		CC57CC46F46C25635F14F414 /* Pods_JiaJia.framework */ = {isa = PBXFileReference; explicitFileType = wrapper.framework; includeInIndex = 0; path = Pods_JiaJia.framework; sourceTree = BUILT_PRODUCTS_DIR; };
		CCA9ECF37CC6EC7717DDA90D /* Pods-JiaJia.release.xcconfig */ = {isa = PBXFileReference; includeInIndex = 1; lastKnownFileType = text.xcconfig; name = "Pods-JiaJia.release.xcconfig"; path = "Target Support Files/Pods-JiaJia/Pods-JiaJia.release.xcconfig"; sourceTree = "<group>"; };
		E9B6FCE80AEAB15417C1AB2D /* Pods-JiaJia.debug.xcconfig */ = {isa = PBXFileReference; includeInIndex = 1; lastKnownFileType = text.xcconfig; name = "Pods-JiaJia.debug.xcconfig"; path = "Target Support Files/Pods-JiaJia/Pods-JiaJia.debug.xcconfig"; sourceTree = "<group>"; };
/* End PBXFileReference section */

/* Begin PBXFrameworksBuildPhase section */
		AE1B553E257012CB00D704A6 /* Frameworks */ = {
			isa = PBXFrameworksBuildPhase;
			buildActionMask = 2147483647;
			files = (
				50E5605C0705D1391D3BAC11 /* Pods_JiaJia.framework in Frameworks */,
			);
			runOnlyForDeploymentPostprocessing = 0;
		};
		AE1B5559257012CD00D704A6 /* Frameworks */ = {
			isa = PBXFrameworksBuildPhase;
			buildActionMask = 2147483647;
			files = (
			);
			runOnlyForDeploymentPostprocessing = 0;
		};
/* End PBXFrameworksBuildPhase section */

/* Begin PBXGroup section */
		34E773633349033FB44EEE2A /* Frameworks */ = {
			isa = PBXGroup;
			children = (
				CC57CC46F46C25635F14F414 /* Pods_JiaJia.framework */,
			);
			name = Frameworks;
			sourceTree = "<group>";
		};
		98261C8E73645C4E2B44CE24 /* Pods */ = {
			isa = PBXGroup;
			children = (
				E9B6FCE80AEAB15417C1AB2D /* Pods-JiaJia.debug.xcconfig */,
				CCA9ECF37CC6EC7717DDA90D /* Pods-JiaJia.release.xcconfig */,
			);
			path = Pods;
			sourceTree = "<group>";
		};
		AE1B5538257012CB00D704A6 = {
			isa = PBXGroup;
			children = (
				AE1B5543257012CB00D704A6 /* JiaJia */,
				AE1B555F257012CD00D704A6 /* JiaJiaUITests */,
				AE1B5542257012CB00D704A6 /* Products */,
				98261C8E73645C4E2B44CE24 /* Pods */,
				34E773633349033FB44EEE2A /* Frameworks */,
			);
			sourceTree = "<group>";
		};
		AE1B5542257012CB00D704A6 /* Products */ = {
			isa = PBXGroup;
			children = (
				AE1B5541257012CB00D704A6 /* JiaJia.app */,
				AE1B555C257012CD00D704A6 /* JiaJiaUITests.xctest */,
			);
			name = Products;
			sourceTree = "<group>";
		};
		AE1B5543257012CB00D704A6 /* JiaJia */ = {
			isa = PBXGroup;
			children = (
				AE8529EA2578A6E100C253E9 /* Other */,
				AE8529E32578A6A400C253E9 /* Utility */,
				AE5E82DF25713B51008CDEFF /* New Group */,
				AE966A13257798B000BF6E8A /* WebView */,
				AE8529DE2578A64300C253E9 /* Weibo */,
				AE852AE82578A78C00C253E9 /* Twitter */,
				AE43DA63257014CC00516F7E /* JiaJia.entitlements */,
				AE1B5544257012CB00D704A6 /* AppDelegate.h */,
				AE1B5545257012CB00D704A6 /* AppDelegate.m */,
				AE1B5547257012CB00D704A6 /* SceneDelegate.h */,
				AE1B5548257012CB00D704A6 /* SceneDelegate.m */,
				AE1B554D257012CB00D704A6 /* Main.storyboard */,
				AE1B5550257012CD00D704A6 /* Assets.xcassets */,
				AE966A0F257796C900BF6E8A /* b.html */,
				AE1B5552257012CD00D704A6 /* LaunchScreen.storyboard */,
				AE1B5555257012CD00D704A6 /* Info.plist */,
				AE1B5556257012CD00D704A6 /* main.m */,
			);
			path = JiaJia;
			sourceTree = "<group>";
		};
		AE1B555F257012CD00D704A6 /* JiaJiaUITests */ = {
			isa = PBXGroup;
			children = (
				AE1B5560257012CE00D704A6 /* JiaJiaUITests.m */,
				AE1B5562257012CE00D704A6 /* Info.plist */,
			);
			path = JiaJiaUITests;
			sourceTree = "<group>";
		};
		AE5E82DF25713B51008CDEFF /* New Group */ = {
			isa = PBXGroup;
			children = (
				AE5E82E025713B84008CDEFF /* NSObject+ZModel.h */,
				AE5E82E125713B84008CDEFF /* NSObject+ZModel.m */,
				AE5E82E725713C39008CDEFF /* YYClassInfo.h */,
				AE5E82E825713C39008CDEFF /* YYClassInfo.m */,
			);
			path = "New Group";
			sourceTree = "<group>";
		};
		AE6104392573B75700BBDCA7 /* View */ = {
			isa = PBXGroup;
			children = (
				AE61054A2573D4C800BBDCA7 /* YYPhotoGroupView.h */,
				AE6105492573D4C800BBDCA7 /* YYPhotoGroupView.m */,
				AE61043C2573B76A00BBDCA7 /* WBStatusCell.h */,
				AE61043F2573B76A00BBDCA7 /* WBStatusCell.m */,
				AE61043E2573B76A00BBDCA7 /* WBStatusLayout.h */,
				AE61043D2573B76A00BBDCA7 /* WBStatusLayout.m */,
				AE61030525739D2E00E7FD51 /* ImageTableViewCell.h */,
				AE61030625739D2E00E7FD51 /* ImageTableViewCell.m */,
			);
			path = View;
			sourceTree = "<group>";
		};
		AE8529DB2578A5D000C253E9 /* ViewController */ = {
			isa = PBXGroup;
			children = (
				AE1B554A257012CB00D704A6 /* ViewController.h */,
				AE1B554B257012CB00D704A6 /* ViewController.m */,
				AE7CC0AC2576A00800B8613B /* UserViewController.h */,
				AE7CC0AD2576A00800B8613B /* UserViewController.m */,
			);
			path = ViewController;
			sourceTree = "<group>";
		};
		AE8529DE2578A64300C253E9 /* Weibo */ = {
			isa = PBXGroup;
			children = (
				AE90F0322570DB42002327E8 /* Weibo.h */,
				AE90F0332570DB42002327E8 /* Weibo.m */,
				AE8529DB2578A5D000C253E9 /* ViewController */,
				AE6104392573B75700BBDCA7 /* View */,
				AE90F03E2570DBEF002327E8 /* Model */,
			);
			path = Weibo;
			sourceTree = "<group>";
		};
		AE8529E32578A6A400C253E9 /* Utility */ = {
			isa = PBXGroup;
			children = (
				AE5F3EFA2574EC28006DA2E7 /* PhotoLibraryHelper.h */,
				AE5F3EFB2574EC28006DA2E7 /* PhotoLibraryHelper.m */,
				AE5F3F0C25753D96006DA2E7 /* ZHImageManager.h */,
				AE5F3F0D25753D96006DA2E7 /* ZHImageManager.m */,
			);
			path = Utility;
			sourceTree = "<group>";
		};
		AE8529EA2578A6E100C253E9 /* Other */ = {
			isa = PBXGroup;
			children = (
				AE852B032578A81600C253E9 /* YYSimpleWebViewController.h */,
				AE852B042578A81600C253E9 /* YYSimpleWebViewController.m */,
				AE852AFE2578A7F600C253E9 /* YYFPSLabel.h */,
				AE852AFF2578A7F600C253E9 /* YYFPSLabel.m */,
				AE8529EB2578A6E100C253E9 /* YYControl.h */,
				AE8529EF2578A6E100C253E9 /* YYControl.m */,
				AE8529ED2578A6E100C253E9 /* YYTableView.h */,
				AE8529F02578A6E100C253E9 /* YYTableView.m */,
				AE8529EE2578A6E100C253E9 /* YYTableViewCell.h */,
				AE8529EC2578A6E100C253E9 /* YYTableViewCell.m */,
			);
			path = Other;
			sourceTree = "<group>";
		};
		AE852AE82578A78C00C253E9 /* Twitter */ = {
			isa = PBXGroup;
			children = (
				AE852AF12578A7A000C253E9 /* T1Helper.h */,
				AE852AF22578A7A000C253E9 /* T1Helper.m */,
				AE852AEB2578A79F00C253E9 /* T1HomeTimelineItemsViewController.h */,
				AE852AEF2578A7A000C253E9 /* T1HomeTimelineItemsViewController.m */,
				AE852AF02578A7A000C253E9 /* T1Model.h */,
				AE852AEE2578A7A000C253E9 /* T1Model.m */,
				AE852AEA2578A79F00C253E9 /* T1StatusCell.h */,
				AE852AED2578A7A000C253E9 /* T1StatusCell.m */,
				AE852AEC2578A79F00C253E9 /* T1StatusLayout.h */,
				AE852AE92578A79F00C253E9 /* T1StatusLayout.m */,
			);
			path = Twitter;
			sourceTree = "<group>";
		};
		AE90F03E2570DBEF002327E8 /* Model */ = {
			isa = PBXGroup;
			children = (
				AE6105422573B96D00BBDCA7 /* WBStatusHelper.h */,
				AE6105432573B96D00BBDCA7 /* WBStatusHelper.m */,
				AE90F0392570DBD7002327E8 /* User.h */,
				AE90F03A2570DBD7002327E8 /* User.m */,
				AE5E83002571564D008CDEFF /* WBStatus.h */,
				AE5E83012571564D008CDEFF /* WBStatus.m */,
				AE5E830525715707008CDEFF /* WBTimelineItem.h */,
				AE5E830625715707008CDEFF /* WBTimelineItem.m */,
				AE65073025735A3F0073DBCD /* WBNetworkStore.h */,
				AE65073125735A3F0073DBCD /* WBNetworkStore.m */,
			);
			path = Model;
			sourceTree = "<group>";
		};
		AE966A13257798B000BF6E8A /* WebView */ = {
			isa = PBXGroup;
			children = (
				AE966A0A257794BC00BF6E8A /* ZHWebViewController.h */,
				AE966A0B257794BC00BF6E8A /* ZHWebViewController.m */,
			);
			path = WebView;
			sourceTree = "<group>";
		};
/* End PBXGroup section */

/* Begin PBXNativeTarget section */
		AE1B5540257012CB00D704A6 /* JiaJia */ = {
			isa = PBXNativeTarget;
			buildConfigurationList = AE1B5565257012CE00D704A6 /* Build configuration list for PBXNativeTarget "JiaJia" */;
			buildPhases = (
				10EAD6054C72FF4278AABFFD /* [CP] Check Pods Manifest.lock */,
				AE1B553D257012CB00D704A6 /* Sources */,
				AE1B553E257012CB00D704A6 /* Frameworks */,
				AE1B553F257012CB00D704A6 /* Resources */,
				FB567D1EC003698F26B3368C /* [CP] Embed Pods Frameworks */,
				5C513DEC51B880A9BAFC1EE5 /* [CP] Copy Pods Resources */,
			);
			buildRules = (
			);
			dependencies = (
			);
			name = JiaJia;
			productName = JiaJia;
			productReference = AE1B5541257012CB00D704A6 /* JiaJia.app */;
			productType = "com.apple.product-type.application";
		};
		AE1B555B257012CD00D704A6 /* JiaJiaUITests */ = {
			isa = PBXNativeTarget;
			buildConfigurationList = AE1B5568257012CE00D704A6 /* Build configuration list for PBXNativeTarget "JiaJiaUITests" */;
			buildPhases = (
				AE1B5558257012CD00D704A6 /* Sources */,
				AE1B5559257012CD00D704A6 /* Frameworks */,
				AE1B555A257012CD00D704A6 /* Resources */,
			);
			buildRules = (
			);
			dependencies = (
				AE1B555E257012CD00D704A6 /* PBXTargetDependency */,
			);
			name = JiaJiaUITests;
			productName = JiaJiaUITests;
			productReference = AE1B555C257012CD00D704A6 /* JiaJiaUITests.xctest */;
			productType = "com.apple.product-type.bundle.ui-testing";
		};
/* End PBXNativeTarget section */

/* Begin PBXProject section */
		AE1B5539257012CB00D704A6 /* Project object */ = {
			isa = PBXProject;
			attributes = {
				LastUpgradeCheck = 1160;
				ORGANIZATIONNAME = zeng;
				TargetAttributes = {
					AE1B5540257012CB00D704A6 = {
						CreatedOnToolsVersion = 11.6;
					};
					AE1B555B257012CD00D704A6 = {
						CreatedOnToolsVersion = 11.6;
						TestTargetID = AE1B5540257012CB00D704A6;
					};
				};
			};
			buildConfigurationList = AE1B553C257012CB00D704A6 /* Build configuration list for PBXProject "JiaJia" */;
			compatibilityVersion = "Xcode 9.3";
			developmentRegion = en;
			hasScannedForEncodings = 0;
			knownRegions = (
				en,
				Base,
				"zh-Hans",
			);
			mainGroup = AE1B5538257012CB00D704A6;
			productRefGroup = AE1B5542257012CB00D704A6 /* Products */;
			projectDirPath = "";
			projectRoot = "";
			targets = (
				AE1B5540257012CB00D704A6 /* JiaJia */,
				AE1B555B257012CD00D704A6 /* JiaJiaUITests */,
			);
		};
/* End PBXProject section */

/* Begin PBXResourcesBuildPhase section */
		AE1B553F257012CB00D704A6 /* Resources */ = {
			isa = PBXResourcesBuildPhase;
			buildActionMask = 2147483647;
			files = (
				AE1B5554257012CD00D704A6 /* LaunchScreen.storyboard in Resources */,
				AE1B5551257012CD00D704A6 /* Assets.xcassets in Resources */,
				AE1B554F257012CB00D704A6 /* Main.storyboard in Resources */,
				AE966A10257796C900BF6E8A /* b.html in Resources */,
			);
			runOnlyForDeploymentPostprocessing = 0;
		};
		AE1B555A257012CD00D704A6 /* Resources */ = {
			isa = PBXResourcesBuildPhase;
			buildActionMask = 2147483647;
			files = (
			);
			runOnlyForDeploymentPostprocessing = 0;
		};
/* End PBXResourcesBuildPhase section */

/* Begin PBXShellScriptBuildPhase section */
		10EAD6054C72FF4278AABFFD /* [CP] Check Pods Manifest.lock */ = {
			isa = PBXShellScriptBuildPhase;
			buildActionMask = 2147483647;
			files = (
			);
			inputFileListPaths = (
			);
			inputPaths = (
				"${PODS_PODFILE_DIR_PATH}/Podfile.lock",
				"${PODS_ROOT}/Manifest.lock",
			);
			name = "[CP] Check Pods Manifest.lock";
			outputFileListPaths = (
			);
			outputPaths = (
				"$(DERIVED_FILE_DIR)/Pods-JiaJia-checkManifestLockResult.txt",
			);
			runOnlyForDeploymentPostprocessing = 0;
			shellPath = /bin/sh;
			shellScript = "diff \"${PODS_PODFILE_DIR_PATH}/Podfile.lock\" \"${PODS_ROOT}/Manifest.lock\" > /dev/null\nif [ $? != 0 ] ; then\n    # print error to STDERR\n    echo \"error: The sandbox is not in sync with the Podfile.lock. Run 'pod install' or update your CocoaPods installation.\" >&2\n    exit 1\nfi\n# This output is used by Xcode 'outputs' to avoid re-running this script phase.\necho \"SUCCESS\" > \"${SCRIPT_OUTPUT_FILE_0}\"\n";
			showEnvVarsInLog = 0;
		};
		5C513DEC51B880A9BAFC1EE5 /* [CP] Copy Pods Resources */ = {
			isa = PBXShellScriptBuildPhase;
			buildActionMask = 2147483647;
			files = (
			);
			inputFileListPaths = (
				"${PODS_ROOT}/Target Support Files/Pods-JiaJia/Pods-JiaJia-resources-${CONFIGURATION}-input-files.xcfilelist",
			);
			name = "[CP] Copy Pods Resources";
			outputFileListPaths = (
				"${PODS_ROOT}/Target Support Files/Pods-JiaJia/Pods-JiaJia-resources-${CONFIGURATION}-output-files.xcfilelist",
			);
			runOnlyForDeploymentPostprocessing = 0;
			shellPath = /bin/sh;
			shellScript = "\"${PODS_ROOT}/Target Support Files/Pods-JiaJia/Pods-JiaJia-resources.sh\"\n";
			showEnvVarsInLog = 0;
		};
		FB567D1EC003698F26B3368C /* [CP] Embed Pods Frameworks */ = {
			isa = PBXShellScriptBuildPhase;
			buildActionMask = 2147483647;
			files = (
			);
			inputFileListPaths = (
				"${PODS_ROOT}/Target Support Files/Pods-JiaJia/Pods-JiaJia-frameworks-${CONFIGURATION}-input-files.xcfilelist",
			);
			name = "[CP] Embed Pods Frameworks";
			outputFileListPaths = (
				"${PODS_ROOT}/Target Support Files/Pods-JiaJia/Pods-JiaJia-frameworks-${CONFIGURATION}-output-files.xcfilelist",
			);
			runOnlyForDeploymentPostprocessing = 0;
			shellPath = /bin/sh;
			shellScript = "\"${PODS_ROOT}/Target Support Files/Pods-JiaJia/Pods-JiaJia-frameworks.sh\"\n";
			showEnvVarsInLog = 0;
		};
/* End PBXShellScriptBuildPhase section */

/* Begin PBXSourcesBuildPhase section */
		AE1B553D257012CB00D704A6 /* Sources */ = {
			isa = PBXSourcesBuildPhase;
			buildActionMask = 2147483647;
			files = (
				AE8529F12578A6E100C253E9 /* YYTableViewCell.m in Sources */,
				AE852B052578A81600C253E9 /* YYSimpleWebViewController.m in Sources */,
				AE5E830725715707008CDEFF /* WBTimelineItem.m in Sources */,
				AE852AF32578A7A000C253E9 /* T1StatusLayout.m in Sources */,
				AE61030725739D2E00E7FD51 /* ImageTableViewCell.m in Sources */,
				AE65073225735A3F0073DBCD /* WBNetworkStore.m in Sources */,
				AE8529F32578A6E100C253E9 /* YYTableView.m in Sources */,
				AE1B554C257012CB00D704A6 /* ViewController.m in Sources */,
				AE5E83022571564D008CDEFF /* WBStatus.m in Sources */,
				AE90F0342570DB42002327E8 /* Weibo.m in Sources */,
				AE61054B2573D4C800BBDCA7 /* YYPhotoGroupView.m in Sources */,
				AE852AF52578A7A000C253E9 /* T1Model.m in Sources */,
				AE7CC0AE2576A00800B8613B /* UserViewController.m in Sources */,
				AE6105442573B96D00BBDCA7 /* WBStatusHelper.m in Sources */,
				AE852AF42578A7A000C253E9 /* T1StatusCell.m in Sources */,
				AE6104412573B76A00BBDCA7 /* WBStatusCell.m in Sources */,
				AE852B002578A7F600C253E9 /* YYFPSLabel.m in Sources */,
				AE852AF62578A7A000C253E9 /* T1HomeTimelineItemsViewController.m in Sources */,
				AE90F03B2570DBD7002327E8 /* User.m in Sources */,
				AE5E82E225713B84008CDEFF /* NSObject+ZModel.m in Sources */,
				AE8529F22578A6E100C253E9 /* YYControl.m in Sources */,
				AE5E82E925713C39008CDEFF /* YYClassInfo.m in Sources */,
				AE1B5546257012CB00D704A6 /* AppDelegate.m in Sources */,
				AE5F3F0E25753D96006DA2E7 /* ZHImageManager.m in Sources */,
				AE852AF72578A7A000C253E9 /* T1Helper.m in Sources */,
				AE6104402573B76A00BBDCA7 /* WBStatusLayout.m in Sources */,
				AE966A0C257794BC00BF6E8A /* ZHWebViewController.m in Sources */,
				AE1B5557257012CD00D704A6 /* main.m in Sources */,
				AE5F3EFC2574EC28006DA2E7 /* PhotoLibraryHelper.m in Sources */,
				AE1B5549257012CB00D704A6 /* SceneDelegate.m in Sources */,
			);
			runOnlyForDeploymentPostprocessing = 0;
		};
		AE1B5558257012CD00D704A6 /* Sources */ = {
			isa = PBXSourcesBuildPhase;
			buildActionMask = 2147483647;
			files = (
				AE1B5561257012CE00D704A6 /* JiaJiaUITests.m in Sources */,
			);
			runOnlyForDeploymentPostprocessing = 0;
		};
/* End PBXSourcesBuildPhase section */

/* Begin PBXTargetDependency section */
		AE1B555E257012CD00D704A6 /* PBXTargetDependency */ = {
			isa = PBXTargetDependency;
			target = AE1B5540257012CB00D704A6 /* JiaJia */;
			targetProxy = AE1B555D257012CD00D704A6 /* PBXContainerItemProxy */;
		};
/* End PBXTargetDependency section */

/* Begin PBXVariantGroup section */
		AE1B554D257012CB00D704A6 /* Main.storyboard */ = {
			isa = PBXVariantGroup;
			children = (
				AE1B554E257012CB00D704A6 /* Base */,
			);
			name = Main.storyboard;
			sourceTree = "<group>";
		};
		AE1B5552257012CD00D704A6 /* LaunchScreen.storyboard */ = {
			isa = PBXVariantGroup;
			children = (
				AE1B5553257012CD00D704A6 /* Base */,
			);
			name = LaunchScreen.storyboard;
			sourceTree = "<group>";
		};
/* End PBXVariantGroup section */

/* Begin XCBuildConfiguration section */
		AE1B5563257012CE00D704A6 /* Debug */ = {
			isa = XCBuildConfiguration;
			buildSettings = {
				ALWAYS_SEARCH_USER_PATHS = NO;
				CLANG_ANALYZER_NONNULL = YES;
				CLANG_ANALYZER_NUMBER_OBJECT_CONVERSION = YES_AGGRESSIVE;
				CLANG_CXX_LANGUAGE_STANDARD = "gnu++14";
				CLANG_CXX_LIBRARY = "libc++";
				CLANG_ENABLE_MODULES = YES;
				CLANG_ENABLE_OBJC_ARC = YES;
				CLANG_ENABLE_OBJC_WEAK = YES;
				CLANG_WARN_BLOCK_CAPTURE_AUTORELEASING = YES;
				CLANG_WARN_BOOL_CONVERSION = YES;
				CLANG_WARN_COMMA = YES;
				CLANG_WARN_CONSTANT_CONVERSION = YES;
				CLANG_WARN_DEPRECATED_OBJC_IMPLEMENTATIONS = YES;
				CLANG_WARN_DIRECT_OBJC_ISA_USAGE = YES_ERROR;
				CLANG_WARN_DOCUMENTATION_COMMENTS = YES;
				CLANG_WARN_EMPTY_BODY = YES;
				CLANG_WARN_ENUM_CONVERSION = YES;
				CLANG_WARN_INFINITE_RECURSION = YES;
				CLANG_WARN_INT_CONVERSION = YES;
				CLANG_WARN_NON_LITERAL_NULL_CONVERSION = YES;
				CLANG_WARN_OBJC_IMPLICIT_RETAIN_SELF = YES;
				CLANG_WARN_OBJC_LITERAL_CONVERSION = YES;
				CLANG_WARN_OBJC_ROOT_CLASS = YES_ERROR;
				CLANG_WARN_RANGE_LOOP_ANALYSIS = YES;
				CLANG_WARN_STRICT_PROTOTYPES = YES;
				CLANG_WARN_SUSPICIOUS_MOVE = YES;
				CLANG_WARN_UNGUARDED_AVAILABILITY = YES_AGGRESSIVE;
				CLANG_WARN_UNREACHABLE_CODE = YES;
				CLANG_WARN__DUPLICATE_METHOD_MATCH = YES;
				COPY_PHASE_STRIP = NO;
				DEBUG_INFORMATION_FORMAT = dwarf;
				ENABLE_STRICT_OBJC_MSGSEND = YES;
				ENABLE_TESTABILITY = YES;
				GCC_C_LANGUAGE_STANDARD = gnu11;
				GCC_DYNAMIC_NO_PIC = NO;
				GCC_NO_COMMON_BLOCKS = YES;
				GCC_OPTIMIZATION_LEVEL = 0;
				GCC_PREPROCESSOR_DEFINITIONS = (
					"DEBUG=1",
					"$(inherited)",
				);
				GCC_WARN_64_TO_32_BIT_CONVERSION = YES;
				GCC_WARN_ABOUT_RETURN_TYPE = YES_ERROR;
				GCC_WARN_UNDECLARED_SELECTOR = YES;
				GCC_WARN_UNINITIALIZED_AUTOS = YES_AGGRESSIVE;
				GCC_WARN_UNUSED_FUNCTION = YES;
				GCC_WARN_UNUSED_VARIABLE = YES;
				IPHONEOS_DEPLOYMENT_TARGET = 13.6;
				MTL_ENABLE_DEBUG_INFO = INCLUDE_SOURCE;
				MTL_FAST_MATH = YES;
				ONLY_ACTIVE_ARCH = YES;
				SDKROOT = iphoneos;
			};
			name = Debug;
		};
		AE1B5564257012CE00D704A6 /* Release */ = {
			isa = XCBuildConfiguration;
			buildSettings = {
				ALWAYS_SEARCH_USER_PATHS = NO;
				CLANG_ANALYZER_NONNULL = YES;
				CLANG_ANALYZER_NUMBER_OBJECT_CONVERSION = YES_AGGRESSIVE;
				CLANG_CXX_LANGUAGE_STANDARD = "gnu++14";
				CLANG_CXX_LIBRARY = "libc++";
				CLANG_ENABLE_MODULES = YES;
				CLANG_ENABLE_OBJC_ARC = YES;
				CLANG_ENABLE_OBJC_WEAK = YES;
				CLANG_WARN_BLOCK_CAPTURE_AUTORELEASING = YES;
				CLANG_WARN_BOOL_CONVERSION = YES;
				CLANG_WARN_COMMA = YES;
				CLANG_WARN_CONSTANT_CONVERSION = YES;
				CLANG_WARN_DEPRECATED_OBJC_IMPLEMENTATIONS = YES;
				CLANG_WARN_DIRECT_OBJC_ISA_USAGE = YES_ERROR;
				CLANG_WARN_DOCUMENTATION_COMMENTS = YES;
				CLANG_WARN_EMPTY_BODY = YES;
				CLANG_WARN_ENUM_CONVERSION = YES;
				CLANG_WARN_INFINITE_RECURSION = YES;
				CLANG_WARN_INT_CONVERSION = YES;
				CLANG_WARN_NON_LITERAL_NULL_CONVERSION = YES;
				CLANG_WARN_OBJC_IMPLICIT_RETAIN_SELF = YES;
				CLANG_WARN_OBJC_LITERAL_CONVERSION = YES;
				CLANG_WARN_OBJC_ROOT_CLASS = YES_ERROR;
				CLANG_WARN_RANGE_LOOP_ANALYSIS = YES;
				CLANG_WARN_STRICT_PROTOTYPES = YES;
				CLANG_WARN_SUSPICIOUS_MOVE = YES;
				CLANG_WARN_UNGUARDED_AVAILABILITY = YES_AGGRESSIVE;
				CLANG_WARN_UNREACHABLE_CODE = YES;
				CLANG_WARN__DUPLICATE_METHOD_MATCH = YES;
				COPY_PHASE_STRIP = NO;
				DEBUG_INFORMATION_FORMAT = "dwarf-with-dsym";
				ENABLE_NS_ASSERTIONS = NO;
				ENABLE_STRICT_OBJC_MSGSEND = YES;
				GCC_C_LANGUAGE_STANDARD = gnu11;
				GCC_NO_COMMON_BLOCKS = YES;
				GCC_WARN_64_TO_32_BIT_CONVERSION = YES;
				GCC_WARN_ABOUT_RETURN_TYPE = YES_ERROR;
				GCC_WARN_UNDECLARED_SELECTOR = YES;
				GCC_WARN_UNINITIALIZED_AUTOS = YES_AGGRESSIVE;
				GCC_WARN_UNUSED_FUNCTION = YES;
				GCC_WARN_UNUSED_VARIABLE = YES;
				IPHONEOS_DEPLOYMENT_TARGET = 13.6;
				MTL_ENABLE_DEBUG_INFO = NO;
				MTL_FAST_MATH = YES;
				SDKROOT = iphoneos;
				VALIDATE_PRODUCT = YES;
			};
			name = Release;
		};
		AE1B5566257012CE00D704A6 /* Debug */ = {
			isa = XCBuildConfiguration;
			baseConfigurationReference = E9B6FCE80AEAB15417C1AB2D /* Pods-JiaJia.debug.xcconfig */;
			buildSettings = {
				ASSETCATALOG_COMPILER_APPICON_NAME = AppIcon;
				CODE_SIGN_ENTITLEMENTS = JiaJia/JiaJia.entitlements;
				CODE_SIGN_STYLE = Automatic;
				DEVELOPMENT_TEAM = 67776SHMMW;
				GCC_C_LANGUAGE_STANDARD = gnu11;
				INFOPLIST_FILE = JiaJia/Info.plist;
				IPHONEOS_DEPLOYMENT_TARGET = 13.0;
				LD_RUNPATH_SEARCH_PATHS = (
					"$(inherited)",
					"@executable_path/Frameworks",
				);
				PRODUCT_BUNDLE_IDENTIFIER = com.yuenvshen.blog;
				PRODUCT_NAME = "$(TARGET_NAME)";
				TARGETED_DEVICE_FAMILY = "1,2";
			};
			name = Debug;
		};
		AE1B5567257012CE00D704A6 /* Release */ = {
			isa = XCBuildConfiguration;
			baseConfigurationReference = CCA9ECF37CC6EC7717DDA90D /* Pods-JiaJia.release.xcconfig */;
			buildSettings = {
				ASSETCATALOG_COMPILER_APPICON_NAME = AppIcon;
				CODE_SIGN_ENTITLEMENTS = JiaJia/JiaJia.entitlements;
				CODE_SIGN_STYLE = Automatic;
				DEVELOPMENT_TEAM = 67776SHMMW;
				GCC_C_LANGUAGE_STANDARD = gnu11;
				INFOPLIST_FILE = JiaJia/Info.plist;
				IPHONEOS_DEPLOYMENT_TARGET = 13.0;
				LD_RUNPATH_SEARCH_PATHS = (
					"$(inherited)",
					"@executable_path/Frameworks",
				);
				PRODUCT_BUNDLE_IDENTIFIER = com.yuenvshen.blog;
				PRODUCT_NAME = "$(TARGET_NAME)";
				TARGETED_DEVICE_FAMILY = "1,2";
			};
			name = Release;
		};
		AE1B5569257012CE00D704A6 /* Debug */ = {
			isa = XCBuildConfiguration;
			buildSettings = {
				CODE_SIGN_STYLE = Automatic;
				DEVELOPMENT_TEAM = 67776SHMMW;
				INFOPLIST_FILE = JiaJiaUITests/Info.plist;
				LD_RUNPATH_SEARCH_PATHS = (
					"$(inherited)",
					"@executable_path/Frameworks",
					"@loader_path/Frameworks",
				);
				PRODUCT_BUNDLE_IDENTIFIER = com.yuenvshen.app.JiaJiaUITests;
				PRODUCT_NAME = "$(TARGET_NAME)";
				TARGETED_DEVICE_FAMILY = "1,2";
				TEST_TARGET_NAME = JiaJia;
			};
			name = Debug;
		};
		AE1B556A257012CE00D704A6 /* Release */ = {
			isa = XCBuildConfiguration;
			buildSettings = {
				CODE_SIGN_STYLE = Automatic;
				DEVELOPMENT_TEAM = 67776SHMMW;
				INFOPLIST_FILE = JiaJiaUITests/Info.plist;
				LD_RUNPATH_SEARCH_PATHS = (
					"$(inherited)",
					"@executable_path/Frameworks",
					"@loader_path/Frameworks",
				);
				PRODUCT_BUNDLE_IDENTIFIER = com.yuenvshen.app.JiaJiaUITests;
				PRODUCT_NAME = "$(TARGET_NAME)";
				TARGETED_DEVICE_FAMILY = "1,2";
				TEST_TARGET_NAME = JiaJia;
			};
			name = Release;
		};
/* End XCBuildConfiguration section */

/* Begin XCConfigurationList section */
		AE1B553C257012CB00D704A6 /* Build configuration list for PBXProject "JiaJia" */ = {
			isa = XCConfigurationList;
			buildConfigurations = (
				AE1B5563257012CE00D704A6 /* Debug */,
				AE1B5564257012CE00D704A6 /* Release */,
			);
			defaultConfigurationIsVisible = 0;
			defaultConfigurationName = Release;
		};
		AE1B5565257012CE00D704A6 /* Build configuration list for PBXNativeTarget "JiaJia" */ = {
			isa = XCConfigurationList;
			buildConfigurations = (
				AE1B5566257012CE00D704A6 /* Debug */,
				AE1B5567257012CE00D704A6 /* Release */,
			);
			defaultConfigurationIsVisible = 0;
			defaultConfigurationName = Release;
		};
		AE1B5568257012CE00D704A6 /* Build configuration list for PBXNativeTarget "JiaJiaUITests" */ = {
			isa = XCConfigurationList;
			buildConfigurations = (
				AE1B5569257012CE00D704A6 /* Debug */,
				AE1B556A257012CE00D704A6 /* Release */,
			);
			defaultConfigurationIsVisible = 0;
			defaultConfigurationName = Release;
		};
/* End XCConfigurationList section */
	};
	rootObject = AE1B5539257012CB00D704A6 /* Project object */;
}
